{
    "name": "@master/template",
    "version": "1.0.0",
    "lockfileVersion": 1,
    "requires": true,
    "dependencies": {
        "@master/dom": {
            "version": "1.0.3",
            "resolved": "https://registry.npmjs.org/@master/dom/-/dom-1.0.3.tgz",
            "integrity": "sha512-jWOqKEMuDBifwwVhmMszMgiyo+kYCBl3QnwATiUV73ZgepaGouOOOCSYinbbmM700tmKvjAh2VdSEkhMElGATQ=="
        }
    }
}
